
Microsoft Visual Studio Solution File, Format Version 12.00
# Visual Studio Version 16
VisualStudioVersion = 16.0.28803.202
MinimumVisualStudioVersion = 10.0.40219.1
Project("{9A19103F-16F7-4668-BE54-9A1E7A4F7556}") = "MediatR.BehaviorProfiles", "MediatR.BehaviorProfiles\MediatR.BehaviorProfiles.csproj", "{0E3431DD-0E11-4EAC-B3D1-FB448284F1AB}"
EndProject
Global
	GlobalSection(SolutionConfigurationPlatforms) = preSolution
		Debug|Any CPU = Debug|Any CPU
		Release|Any CPU = Release|Any CPU
	EndGlobalSection
	GlobalSection(ProjectConfigurationPlatforms) = postSolution
		{0E3431DD-0E11-4EAC-B3D1-FB448284F1AB}.Debug|Any CPU.ActiveCfg = Debug|Any CPU
		{0E3431DD-0E11-4EAC-B3D1-FB448284F1AB}.Debug|Any CPU.Build.0 = Debug|Any CPU
		{0E3431DD-0E11-4EAC-B3D1-FB448284F1AB}.Release|Any CPU.ActiveCfg = Release|Any CPU
		{0E3431DD-0E11-4EAC-B3D1-FB448284F1AB}.Release|Any CPU.Build.0 = Release|Any CPU
	EndGlobalSection
	GlobalSection(SolutionProperties) = preSolution
		HideSolutionNode = FALSE
	EndGlobalSection
	GlobalSection(ExtensibilityGlobals) = postSolution
		SolutionGuid = {75A6465F-0426-4F40-B1B0-480D5760C427}
	EndGlobalSection
EndGlobal
